%{"decimal": {:hex, :decimal, "1.1.0"},
  "ecto": {:hex, :ecto, "0.9.0"},
  "hnapi": {:git, "https://github.com/SaintDako/hnAPI-elixir.git", "8f3cb7a2d27d57b38827a23b0dc0733640f012b3", [branch: "master"]},
  "httpotion": {:hex, :httpotion, "2.1.0"},
  "ibrowse": {:git, "git://github.com/cmullaparthi/ibrowse.git", "d2e369ff42666c3574b8b7ec26f69027895c4d94", [tag: "v4.1.1"]},
  "poison": {:hex, :poison, "1.4.0"},
  "poolboy": {:hex, :poolboy, "1.4.2"},
  "postgrex": {:hex, :postgrex, "0.8.4"}}
